
Microsoft Visual Studio Solution File, Format Version 12.00
# Visual Studio Version 17
VisualStudioVersion = 17.14.36310.24
MinimumVisualStudioVersion = 10.0.40219.1
Project("{FAE04EC0-301F-11D3-BF4B-00C04F79EFBC}") = "Domain", "Domain\Domain.csproj", "{F840DEF7-598B-4EEE-8A60-A9ADC1B7D23A}"
EndProject
Project("{FAE04EC0-301F-11D3-BF4B-00C04F79EFBC}") = "Data", "Data\Data.csproj", "{43E2CCB2-CAB5-4E90-9EC9-52024D5A232B}"
EndProject
Project("{FAE04EC0-301F-11D3-BF4B-00C04F79EFBC}") = "Api", "Api\Api.csproj", "{CBFA08EA-AECE-205F-7B85-326FD0B81BAD}"
EndProject
Global
	GlobalSection(SolutionConfigurationPlatforms) = preSolution
		Debug|Any CPU = Debug|Any CPU
		Release|Any CPU = Release|Any CPU
	EndGlobalSection
	GlobalSection(ProjectConfigurationPlatforms) = postSolution
		{F840DEF7-598B-4EEE-8A60-A9ADC1B7D23A}.Debug|Any CPU.ActiveCfg = Debug|Any CPU
		{F840DEF7-598B-4EEE-8A60-A9ADC1B7D23A}.Debug|Any CPU.Build.0 = Debug|Any CPU
		{F840DEF7-598B-4EEE-8A60-A9ADC1B7D23A}.Release|Any CPU.ActiveCfg = Release|Any CPU
		{F840DEF7-598B-4EEE-8A60-A9ADC1B7D23A}.Release|Any CPU.Build.0 = Release|Any CPU
		{43E2CCB2-CAB5-4E90-9EC9-52024D5A232B}.Debug|Any CPU.ActiveCfg = Debug|Any CPU
		{43E2CCB2-CAB5-4E90-9EC9-52024D5A232B}.Debug|Any CPU.Build.0 = Debug|Any CPU
		{43E2CCB2-CAB5-4E90-9EC9-52024D5A232B}.Release|Any CPU.ActiveCfg = Release|Any CPU
		{43E2CCB2-CAB5-4E90-9EC9-52024D5A232B}.Release|Any CPU.Build.0 = Release|Any CPU
		{CBFA08EA-AECE-205F-7B85-326FD0B81BAD}.Debug|Any CPU.ActiveCfg = Debug|Any CPU
		{CBFA08EA-AECE-205F-7B85-326FD0B81BAD}.Debug|Any CPU.Build.0 = Debug|Any CPU
		{CBFA08EA-AECE-205F-7B85-326FD0B81BAD}.Release|Any CPU.ActiveCfg = Release|Any CPU
		{CBFA08EA-AECE-205F-7B85-326FD0B81BAD}.Release|Any CPU.Build.0 = Release|Any CPU
	EndGlobalSection
	GlobalSection(SolutionProperties) = preSolution
		HideSolutionNode = FALSE
	EndGlobalSection
	GlobalSection(ExtensibilityGlobals) = postSolution
		SolutionGuid = {72AB159B-0995-4717-9687-05730C2DA9AE}
	EndGlobalSection
EndGlobal
